<?xml version="1.0" encoding="utf-8"?>
<Project ToolsVersion="4.0" xmlns="http://schemas.microsoft.com/developer/msbuild/2003">
  <ItemGroup>
    <Filter Include="Source Files">
      <UniqueIdentifier>{4FC737F1-C7A5-4376-A066-2A32D752A2FF}</UniqueIdentifier>
      <Extensions>cpp;c;cc;cxx;def;odl;idl;hpj;bat;asm;asmx</Extensions>
    </Filter>
    <Filter Include="Header Files">
      <UniqueIdentifier>{93995380-89BD-4b04-88EB-625FBE52EBFB}</UniqueIdentifier>
      <Extensions>h;hh;hpp;hxx;hm;inl;inc;xsd</Extensions>
    </Filter>
    <Filter Include="Source Files\src">
      <UniqueIdentifier>{e293d5e8-f7cd-47ae-8d59-9164c09b2852}</UniqueIdentifier>
    </Filter>
    <Filter Include="Source Files\port">
      <UniqueIdentifier>{4efa17da-6eb1-40f7-8525-294efbd242dc}</UniqueIdentifier>
    </Filter>
    <Filter Include="Header Files\inc">
      <UniqueIdentifier>{7695799a-03bd-46f0-9356-3ce1b45a327d}</UniqueIdentifier>
    </Filter>
    <Filter Include="Header Files\port">
      <UniqueIdentifier>{92a215f1-0673-4722-833a-faca614f5074}</UniqueIdentifier>
    </Filter>
  </ItemGroup>
  <ItemGroup>
    <ClInclude Include="..\..\..\..\code\port\JaCoapIF.h">
      <Filter>Header Files\port</Filter>
    </ClInclude>
    <ClInclude Include="..\..\..\..\code\port\ja_types.h">
      <Filter>Header Files\port</Filter>
    </ClInclude>
    <ClInclude Include="..\..\..\..\code\inc\BaseIStackLayer.h">
      <Filter>Header Files\inc</Filter>
    </ClInclude>
    <ClInclude Include="..\..\..\..\code\inc\BaseObject.h">
      <Filter>Header Files\inc</Filter>
    </ClInclude>
    <ClInclude Include="..\..\..\..\code\inc\Block2Info.h">
      <Filter>Header Files\inc</Filter>
    </ClInclude>
    <ClInclude Include="..\..\..\..\code\inc\BlockOption.h">
      <Filter>Header Files\inc</Filter>
    </ClInclude>
    <ClInclude Include="..\..\..\..\code\inc\BlockTransferLayer.h">
      <Filter>Header Files\inc</Filter>
    </ClInclude>
    <ClInclude Include="..\..\..\..\code\inc\ByteArray.h">
      <Filter>Header Files\inc</Filter>
    </ClInclude>
    <ClInclude Include="..\..\..\..\code\inc\CoapMgr.h">
      <Filter>Header Files\inc</Filter>
    </ClInclude>
    <ClInclude Include="..\..\..\..\code\inc\CoapServer.h">
      <Filter>Header Files\inc</Filter>
    </ClInclude>
    <ClInclude Include="..\..\..\..\code\inc\CoapStack.h">
      <Filter>Header Files\inc</Filter>
    </ClInclude>
    <ClInclude Include="..\..\..\..\code\inc\DataChannel.h">
      <Filter>Header Files\inc</Filter>
    </ClInclude>
    <ClInclude Include="..\..\..\..\code\inc\Deduplicator.h">
      <Filter>Header Files\inc</Filter>
    </ClInclude>
    <ClInclude Include="..\..\..\..\code\inc\ErrorCodes.h">
      <Filter>Header Files\inc</Filter>
    </ClInclude>
    <ClInclude Include="..\..\..\..\code\inc\Exchange.h">
      <Filter>Header Files\inc</Filter>
    </ClInclude>
    <ClInclude Include="..\..\..\..\code\inc\Inbox.h">
      <Filter>Header Files\inc</Filter>
    </ClInclude>
    <ClInclude Include="..\..\..\..\code\inc\IpAddress.h">
      <Filter>Header Files\inc</Filter>
    </ClInclude>
    <ClInclude Include="..\..\..\..\code\inc\IpSocketAddr.h">
      <Filter>Header Files\inc</Filter>
    </ClInclude>
    <ClInclude Include="..\..\..\..\code\inc\IResource.h">
      <Filter>Header Files\inc</Filter>
    </ClInclude>
    <ClInclude Include="..\..\..\..\code\inc\IStackLayer.h">
      <Filter>Header Files\inc</Filter>
    </ClInclude>
    <ClInclude Include="..\..\..\..\code\inc\JaCoapConfig.h">
      <Filter>Header Files\inc</Filter>
    </ClInclude>
    <ClInclude Include="..\..\..\..\code\inc\MemMgr.h">
      <Filter>Header Files\inc</Filter>
    </ClInclude>
    <ClInclude Include="..\..\..\..\code\inc\MemTrack.h">
      <Filter>Header Files\inc</Filter>
    </ClInclude>
    <ClInclude Include="..\..\..\..\code\inc\Msg.h">
      <Filter>Header Files\inc</Filter>
    </ClInclude>
    <ClInclude Include="..\..\..\..\code\inc\MsgCodec.h">
      <Filter>Header Files\inc</Filter>
    </ClInclude>
    <ClInclude Include="..\..\..\..\code\inc\MsgDeliverer.h">
      <Filter>Header Files\inc</Filter>
    </ClInclude>
    <ClInclude Include="..\..\..\..\code\inc\MsgIdProvider.h">
      <Filter>Header Files\inc</Filter>
    </ClInclude>
    <ClInclude Include="..\..\..\..\code\inc\NetIOMgr.h">
      <Filter>Header Files\inc</Filter>
    </ClInclude>
    <ClInclude Include="..\..\..\..\code\inc\Option.h">
      <Filter>Header Files\inc</Filter>
    </ClInclude>
    <ClInclude Include="..\..\..\..\code\inc\OptionsSet.h">
      <Filter>Header Files\inc</Filter>
    </ClInclude>
    <ClInclude Include="..\..\..\..\code\inc\Outbox.h">
      <Filter>Header Files\inc</Filter>
    </ClInclude>
    <ClInclude Include="..\..\..\..\code\inc\Packet.h">
      <Filter>Header Files\inc</Filter>
    </ClInclude>
    <ClInclude Include="..\..\..\..\code\inc\ReliabilityLayer.h">
      <Filter>Header Files\inc</Filter>
    </ClInclude>
    <ClInclude Include="..\..\..\..\code\inc\Resource.h">
      <Filter>Header Files\inc</Filter>
    </ClInclude>
    <ClInclude Include="..\..\..\..\code\inc\ResourceMgr.h">
      <Filter>Header Files\inc</Filter>
    </ClInclude>
    <ClInclude Include="..\..\..\..\code\inc\ServerMsgDeliverer.h">
      <Filter>Header Files\inc</Filter>
    </ClInclude>
    <ClInclude Include="..\..\..\..\code\inc\SimpleAllocator.h">
      <Filter>Header Files\inc</Filter>
    </ClInclude>
    <ClInclude Include="..\..\..\..\code\inc\SimpleCounterMsgIdProvider.h">
      <Filter>Header Files\inc</Filter>
    </ClInclude>
    <ClInclude Include="..\..\..\..\code\inc\SimpleTokenProvider.h">
      <Filter>Header Files\inc</Filter>
    </ClInclude>
    <ClInclude Include="..\..\..\..\code\inc\TokenProvider.h">
      <Filter>Header Files\inc</Filter>
    </ClInclude>
    <ClInclude Include="..\..\..\..\code\inc\Transaction.h">
      <Filter>Header Files\inc</Filter>
    </ClInclude>
    <ClInclude Include="..\..\..\..\code\inc\TransProcessor.h">
      <Filter>Header Files\inc</Filter>
    </ClInclude>
    <ClInclude Include="..\..\..\..\code\inc\TransStore.h">
      <Filter>Header Files\inc</Filter>
    </ClInclude>
    <ClInclude Include="..\..\..\..\code\inc\Utils.h">
      <Filter>Header Files\inc</Filter>
    </ClInclude>
    <ClInclude Include="..\..\..\..\code\inc\WellKnownRes.h">
      <Filter>Header Files\inc</Filter>
    </ClInclude>
    <ClInclude Include="..\..\..\..\code\src\InboxImpl.h">
      <Filter>Source Files\src</Filter>
    </ClInclude>
    <ClInclude Include="..\..\..\..\code\src\OutboxImpl.h">
      <Filter>Source Files\src</Filter>
    </ClInclude>
  </ItemGroup>
  <ItemGroup>
    <ClCompile Include="..\..\..\..\code\src\Block2Info.cpp">
      <Filter>Source Files\src</Filter>
    </ClCompile>
    <ClCompile Include="..\..\..\..\code\src\BlockOption.cpp">
      <Filter>Source Files\src</Filter>
    </ClCompile>
    <ClCompile Include="..\..\..\..\code\src\BlockTransferLayer.cpp">
      <Filter>Source Files\src</Filter>
    </ClCompile>
    <ClCompile Include="..\..\..\..\code\src\ByteArray.cpp">
      <Filter>Source Files\src</Filter>
    </ClCompile>
    <ClCompile Include="..\..\..\..\code\src\CoapMgr.cpp">
      <Filter>Source Files\src</Filter>
    </ClCompile>
    <ClCompile Include="..\..\..\..\code\src\CoapServer.cpp">
      <Filter>Source Files\src</Filter>
    </ClCompile>
    <ClCompile Include="..\..\..\..\code\src\CoapStack.cpp">
      <Filter>Source Files\src</Filter>
    </ClCompile>
    <ClCompile Include="..\..\..\..\code\src\Deduplicator.cpp">
      <Filter>Source Files\src</Filter>
    </ClCompile>
    <ClCompile Include="..\..\..\..\code\src\Exchange.cpp">
      <Filter>Source Files\src</Filter>
    </ClCompile>
    <ClCompile Include="..\..\..\..\code\src\InboxImpl.cpp">
      <Filter>Source Files\src</Filter>
    </ClCompile>
    <ClCompile Include="..\..\..\..\code\src\IpAddress.cpp">
      <Filter>Source Files\src</Filter>
    </ClCompile>
    <ClCompile Include="..\..\..\..\code\src\IpSocketAddr.cpp">
      <Filter>Source Files\src</Filter>
    </ClCompile>
    <ClCompile Include="..\..\..\..\code\src\MemMgr.cpp">
      <Filter>Source Files\src</Filter>
    </ClCompile>
    <ClCompile Include="..\..\..\..\code\src\MemTrack.cpp">
      <Filter>Source Files\src</Filter>
    </ClCompile>
    <ClCompile Include="..\..\..\..\code\src\Msg.cpp">
      <Filter>Source Files\src</Filter>
    </ClCompile>
    <ClCompile Include="..\..\..\..\code\src\MsgCodec.cpp">
      <Filter>Source Files\src</Filter>
    </ClCompile>
    <ClCompile Include="..\..\..\..\code\src\NetIOMgr.cpp">
      <Filter>Source Files\src</Filter>
    </ClCompile>
    <ClCompile Include="..\..\..\..\code\src\Option.cpp">
      <Filter>Source Files\src</Filter>
    </ClCompile>
    <ClCompile Include="..\..\..\..\code\src\OptionsSet.cpp">
      <Filter>Source Files\src</Filter>
    </ClCompile>
    <ClCompile Include="..\..\..\..\code\src\OutboxImpl.cpp">
      <Filter>Source Files\src</Filter>
    </ClCompile>
    <ClCompile Include="..\..\..\..\code\src\Packet.cpp">
      <Filter>Source Files\src</Filter>
    </ClCompile>
    <ClCompile Include="..\..\..\..\code\src\ReliabilityLayer.cpp">
      <Filter>Source Files\src</Filter>
    </ClCompile>
    <ClCompile Include="..\..\..\..\code\src\Resource.cpp">
      <Filter>Source Files\src</Filter>
    </ClCompile>
    <ClCompile Include="..\..\..\..\code\src\ResourceMgr.cpp">
      <Filter>Source Files\src</Filter>
    </ClCompile>
    <ClCompile Include="..\..\..\..\code\src\ServerMsgDeliverer.cpp">
      <Filter>Source Files\src</Filter>
    </ClCompile>
    <ClCompile Include="..\..\..\..\code\src\SimpleCounterMsgIdProvider.cpp">
      <Filter>Source Files\src</Filter>
    </ClCompile>
    <ClCompile Include="..\..\..\..\code\src\SimpleTokenProvider.cpp">
      <Filter>Source Files\src</Filter>
    </ClCompile>
    <ClCompile Include="..\..\..\..\code\src\Transaction.cpp">
      <Filter>Source Files\src</Filter>
    </ClCompile>
    <ClCompile Include="..\..\..\..\code\src\TransProcessor.cpp">
      <Filter>Source Files\src</Filter>
    </ClCompile>
    <ClCompile Include="..\..\..\..\code\src\TransStore.cpp">
      <Filter>Source Files\src</Filter>
    </ClCompile>
    <ClCompile Include="..\..\..\..\code\src\Utils.cpp">
      <Filter>Source Files\src</Filter>
    </ClCompile>
    <ClCompile Include="..\..\..\..\code\src\WellKnownRes.cpp">
      <Filter>Source Files\src</Filter>
    </ClCompile>
    <ClCompile Include="..\..\..\..\code\port\JaCoapIF.cpp">
      <Filter>Source Files\port</Filter>
    </ClCompile>
  </ItemGroup>
</Project>